
Microsoft Visual Studio Solution File, Format Version 12.00
# Visual Studio 2013
VisualStudioVersion = 12.0.40629.0
MinimumVisualStudioVersion = 10.0.40219.1
Project("{FAE04EC0-301F-11D3-BF4B-00C04F79EFBC}") = "HelloName", "HelloName\HelloName.csproj", "{1340BD26-8197-411C-9125-17681D6D9B72}"
EndProject
Project("{FAE04EC0-301F-11D3-BF4B-00C04F79EFBC}") = "Prog52aConsole", "Prog52aConsole\Prog52aConsole.csproj", "{E9337974-3C99-427D-8B9D-3962B6A43F6E}"
EndProject
Project("{FAE04EC0-301F-11D3-BF4B-00C04F79EFBC}") = "Prog54bConsole", "Prog54bConsole\Prog54bConsole.csproj", "{C5E7A4D4-323A-4F4B-B7F7-E49102D2A020}"
EndProject
Project("{FAE04EC0-301F-11D3-BF4B-00C04F79EFBC}") = "Prog54cConsole", "Prog54cConsole\Prog54cConsole.csproj", "{29689230-5517-49F2-A98F-CCECAC03E7E2}"
EndProject
Project("{FAE04EC0-301F-11D3-BF4B-00C04F79EFBC}") = "HelloWorldCSConsole", "HelloWorldCSConsole\HelloWorldCSConsole.csproj", "{51FE0C15-94D8-4FC0-B0DA-DBFBFB42C6E2}"
EndProject
Project("{FAE04EC0-301F-11D3-BF4B-00C04F79EFBC}") = "FavClubConsole", "FavClubConsole\FavClubConsole.csproj", "{43B95281-B603-431A-A827-330AE23AEB5F}"
EndProject
Project("{FAE04EC0-301F-11D3-BF4B-00C04F79EFBC}") = "YourNameConsole", "YourNameConsole\YourNameConsole.csproj", "{FFF6A00C-4406-49E8-B401-350519B42631}"
EndProject
Project("{FAE04EC0-301F-11D3-BF4B-00C04F79EFBC}") = "Prog54a", "Prog54a\Prog54a.csproj", "{51C815BA-F863-4A13-9626-26E082489B5F}"
EndProject
Project("{FAE04EC0-301F-11D3-BF4B-00C04F79EFBC}") = "Prog88a", "Prog88a\Prog88a.csproj", "{E999E4AA-7228-430B-973F-776ED32A8282}"
EndProject
Project("{FAE04EC0-301F-11D3-BF4B-00C04F79EFBC}") = "AboutMeForm", "AboutMeForm\AboutMeForm.csproj", "{AC0200B5-0ACE-40BC-9939-D03682A718A1}"
EndProject
Project("{FAE04EC0-301F-11D3-BF4B-00C04F79EFBC}") = "Lang54bForm", "Lang54bForm\Lang54bForm.csproj", "{ED4DA0E4-D297-4FAB-9C79-ABA38003E86B}"
EndProject
Project("{FAE04EC0-301F-11D3-BF4B-00C04F79EFBC}") = "Lang85cForm", "Lang85cForm\Lang85cForm.csproj", "{377A34DF-92AB-43F4-9704-BD43CFFE5004}"
EndProject
Project("{FAE04EC0-301F-11D3-BF4B-00C04F79EFBC}") = "LP4-1", "LP4-1\LP4-1.csproj", "{0225437E-EA9B-4F67-B115-6F23E57850E9}"
EndProject
Project("{FAE04EC0-301F-11D3-BF4B-00C04F79EFBC}") = "LP4-2", "LP4-2\LP4-2.csproj", "{96D09547-5545-4D83-BB3C-0558F6B98CC1}"
EndProject
Project("{FAE04EC0-301F-11D3-BF4B-00C04F79EFBC}") = "LP4-5", "LP4-5\LP4-5.csproj", "{36004FCB-AD13-421F-983B-B92E6902769C}"
EndProject
Project("{FAE04EC0-301F-11D3-BF4B-00C04F79EFBC}") = "Pg266LargeSmall", "Pg266LargeSmall\Pg266LargeSmall.csproj", "{D818A172-7FDC-4856-B968-D3E300458B66}"
EndProject
Project("{FAE04EC0-301F-11D3-BF4B-00C04F79EFBC}") = "Pg273BookClubPoints", "Pg273BookClubPoints\Pg273BookClubPoints.csproj", "{BF902AD5-A037-4745-9510-29A723DDB858}"
EndProject
Project("{FAE04EC0-301F-11D3-BF4B-00C04F79EFBC}") = "Pg273MassAndWeight", "Pg273MassAndWeight\Pg273MassAndWeight.csproj", "{E0FE90B3-86D7-4554-AEFC-2B9C4B6733A2}"
EndProject
Project("{FAE04EC0-301F-11D3-BF4B-00C04F79EFBC}") = "Prog122a", "Prog122a\Prog122a.csproj", "{B09A2D06-ACCF-4922-89E1-F327C7B42D21}"
EndProject
Project("{FAE04EC0-301F-11D3-BF4B-00C04F79EFBC}") = "Lang122bWhile", "Lang122bWhile\Lang122bWhile.csproj", "{C2513032-D15F-4C6D-8634-5CA9141FDF7E}"
EndProject
Project("{FAE04EC0-301F-11D3-BF4B-00C04F79EFBC}") = "Prog310a", "Prog310a\Prog310a.csproj", "{0CA86758-A128-4B33-937E-EC4FF29FF41E}"
EndProject
Project("{FAE04EC0-301F-11D3-BF4B-00C04F79EFBC}") = "Pg347sum", "Pg347sum\Pg347sum.csproj", "{E45510E6-79FC-447A-9405-C841E3CD8611}"
EndProject
Project("{FAE04EC0-301F-11D3-BF4B-00C04F79EFBC}") = "CalcWithFunctions", "CalcWithFunctions\CalcWithFunctions.csproj", "{A7736FD7-9108-4A39-A642-29B5A6BA3BA1}"
EndProject
Project("{FAE04EC0-301F-11D3-BF4B-00C04F79EFBC}") = "Prog366b", "Prog366b\Prog366b.csproj", "{306EE0EA-4585-42BB-B3C0-62A74A032109}"
EndProject
Project("{FAE04EC0-301F-11D3-BF4B-00C04F79EFBC}") = "Pg435TicketSalesCS", "Pg435TicketSalesCS\Pg435TicketSalesCS.csproj", "{1F2CFB39-A677-49AE-BD22-DA1A439CB80F}"
EndProject
Project("{FAE04EC0-301F-11D3-BF4B-00C04F79EFBC}") = "Pg498PayRoll", "Pg498PayRole\Pg498PayRoll.csproj", "{0EC28060-62AA-4C78-819B-0021C3C70A31}"
EndProject
Project("{FAE04EC0-301F-11D3-BF4B-00C04F79EFBC}") = "StrInterview7", "StrInterview7\StrInterview7.csproj", "{77EF156F-DE0D-4801-A751-97591735D30B}"
EndProject
Project("{FAE04EC0-301F-11D3-BF4B-00C04F79EFBC}") = "StrInterview16", "StrInterview16\StrInterview16.csproj", "{8D7DC37A-CADC-4599-820B-769521F0CBE8}"
EndProject
Global
	GlobalSection(SolutionConfigurationPlatforms) = preSolution
		Debug|Any CPU = Debug|Any CPU
		Release|Any CPU = Release|Any CPU
	EndGlobalSection
	GlobalSection(ProjectConfigurationPlatforms) = postSolution
		{1340BD26-8197-411C-9125-17681D6D9B72}.Debug|Any CPU.ActiveCfg = Debug|Any CPU
		{1340BD26-8197-411C-9125-17681D6D9B72}.Debug|Any CPU.Build.0 = Debug|Any CPU
		{1340BD26-8197-411C-9125-17681D6D9B72}.Release|Any CPU.ActiveCfg = Release|Any CPU
		{1340BD26-8197-411C-9125-17681D6D9B72}.Release|Any CPU.Build.0 = Release|Any CPU
		{E9337974-3C99-427D-8B9D-3962B6A43F6E}.Debug|Any CPU.ActiveCfg = Debug|Any CPU
		{E9337974-3C99-427D-8B9D-3962B6A43F6E}.Debug|Any CPU.Build.0 = Debug|Any CPU
		{E9337974-3C99-427D-8B9D-3962B6A43F6E}.Release|Any CPU.ActiveCfg = Release|Any CPU
		{E9337974-3C99-427D-8B9D-3962B6A43F6E}.Release|Any CPU.Build.0 = Release|Any CPU
		{C5E7A4D4-323A-4F4B-B7F7-E49102D2A020}.Debug|Any CPU.ActiveCfg = Debug|Any CPU
		{C5E7A4D4-323A-4F4B-B7F7-E49102D2A020}.Debug|Any CPU.Build.0 = Debug|Any CPU
		{C5E7A4D4-323A-4F4B-B7F7-E49102D2A020}.Release|Any CPU.ActiveCfg = Release|Any CPU
		{C5E7A4D4-323A-4F4B-B7F7-E49102D2A020}.Release|Any CPU.Build.0 = Release|Any CPU
		{29689230-5517-49F2-A98F-CCECAC03E7E2}.Debug|Any CPU.ActiveCfg = Debug|Any CPU
		{29689230-5517-49F2-A98F-CCECAC03E7E2}.Debug|Any CPU.Build.0 = Debug|Any CPU
		{29689230-5517-49F2-A98F-CCECAC03E7E2}.Release|Any CPU.ActiveCfg = Release|Any CPU
		{29689230-5517-49F2-A98F-CCECAC03E7E2}.Release|Any CPU.Build.0 = Release|Any CPU
		{51FE0C15-94D8-4FC0-B0DA-DBFBFB42C6E2}.Debug|Any CPU.ActiveCfg = Debug|Any CPU
		{51FE0C15-94D8-4FC0-B0DA-DBFBFB42C6E2}.Debug|Any CPU.Build.0 = Debug|Any CPU
		{51FE0C15-94D8-4FC0-B0DA-DBFBFB42C6E2}.Release|Any CPU.ActiveCfg = Release|Any CPU
		{51FE0C15-94D8-4FC0-B0DA-DBFBFB42C6E2}.Release|Any CPU.Build.0 = Release|Any CPU
		{43B95281-B603-431A-A827-330AE23AEB5F}.Debug|Any CPU.ActiveCfg = Debug|Any CPU
		{43B95281-B603-431A-A827-330AE23AEB5F}.Debug|Any CPU.Build.0 = Debug|Any CPU
		{43B95281-B603-431A-A827-330AE23AEB5F}.Release|Any CPU.ActiveCfg = Release|Any CPU
		{43B95281-B603-431A-A827-330AE23AEB5F}.Release|Any CPU.Build.0 = Release|Any CPU
		{FFF6A00C-4406-49E8-B401-350519B42631}.Debug|Any CPU.ActiveCfg = Debug|Any CPU
		{FFF6A00C-4406-49E8-B401-350519B42631}.Debug|Any CPU.Build.0 = Debug|Any CPU
		{FFF6A00C-4406-49E8-B401-350519B42631}.Release|Any CPU.ActiveCfg = Release|Any CPU
		{FFF6A00C-4406-49E8-B401-350519B42631}.Release|Any CPU.Build.0 = Release|Any CPU
		{51C815BA-F863-4A13-9626-26E082489B5F}.Debug|Any CPU.ActiveCfg = Debug|Any CPU
		{51C815BA-F863-4A13-9626-26E082489B5F}.Debug|Any CPU.Build.0 = Debug|Any CPU
		{51C815BA-F863-4A13-9626-26E082489B5F}.Release|Any CPU.ActiveCfg = Release|Any CPU
		{51C815BA-F863-4A13-9626-26E082489B5F}.Release|Any CPU.Build.0 = Release|Any CPU
		{E999E4AA-7228-430B-973F-776ED32A8282}.Debug|Any CPU.ActiveCfg = Debug|Any CPU
		{E999E4AA-7228-430B-973F-776ED32A8282}.Debug|Any CPU.Build.0 = Debug|Any CPU
		{E999E4AA-7228-430B-973F-776ED32A8282}.Release|Any CPU.ActiveCfg = Release|Any CPU
		{E999E4AA-7228-430B-973F-776ED32A8282}.Release|Any CPU.Build.0 = Release|Any CPU
		{AC0200B5-0ACE-40BC-9939-D03682A718A1}.Debug|Any CPU.ActiveCfg = Debug|Any CPU
		{AC0200B5-0ACE-40BC-9939-D03682A718A1}.Debug|Any CPU.Build.0 = Debug|Any CPU
		{AC0200B5-0ACE-40BC-9939-D03682A718A1}.Release|Any CPU.ActiveCfg = Release|Any CPU
		{AC0200B5-0ACE-40BC-9939-D03682A718A1}.Release|Any CPU.Build.0 = Release|Any CPU
		{ED4DA0E4-D297-4FAB-9C79-ABA38003E86B}.Debug|Any CPU.ActiveCfg = Debug|Any CPU
		{ED4DA0E4-D297-4FAB-9C79-ABA38003E86B}.Debug|Any CPU.Build.0 = Debug|Any CPU
		{ED4DA0E4-D297-4FAB-9C79-ABA38003E86B}.Release|Any CPU.ActiveCfg = Release|Any CPU
		{ED4DA0E4-D297-4FAB-9C79-ABA38003E86B}.Release|Any CPU.Build.0 = Release|Any CPU
		{377A34DF-92AB-43F4-9704-BD43CFFE5004}.Debug|Any CPU.ActiveCfg = Debug|Any CPU
		{377A34DF-92AB-43F4-9704-BD43CFFE5004}.Debug|Any CPU.Build.0 = Debug|Any CPU
		{377A34DF-92AB-43F4-9704-BD43CFFE5004}.Release|Any CPU.ActiveCfg = Release|Any CPU
		{377A34DF-92AB-43F4-9704-BD43CFFE5004}.Release|Any CPU.Build.0 = Release|Any CPU
		{0225437E-EA9B-4F67-B115-6F23E57850E9}.Debug|Any CPU.ActiveCfg = Debug|Any CPU
		{0225437E-EA9B-4F67-B115-6F23E57850E9}.Debug|Any CPU.Build.0 = Debug|Any CPU
		{0225437E-EA9B-4F67-B115-6F23E57850E9}.Release|Any CPU.ActiveCfg = Release|Any CPU
		{0225437E-EA9B-4F67-B115-6F23E57850E9}.Release|Any CPU.Build.0 = Release|Any CPU
		{96D09547-5545-4D83-BB3C-0558F6B98CC1}.Debug|Any CPU.ActiveCfg = Debug|Any CPU
		{96D09547-5545-4D83-BB3C-0558F6B98CC1}.Debug|Any CPU.Build.0 = Debug|Any CPU
		{96D09547-5545-4D83-BB3C-0558F6B98CC1}.Release|Any CPU.ActiveCfg = Release|Any CPU
		{96D09547-5545-4D83-BB3C-0558F6B98CC1}.Release|Any CPU.Build.0 = Release|Any CPU
		{36004FCB-AD13-421F-983B-B92E6902769C}.Debug|Any CPU.ActiveCfg = Debug|Any CPU
		{36004FCB-AD13-421F-983B-B92E6902769C}.Debug|Any CPU.Build.0 = Debug|Any CPU
		{36004FCB-AD13-421F-983B-B92E6902769C}.Release|Any CPU.ActiveCfg = Release|Any CPU
		{36004FCB-AD13-421F-983B-B92E6902769C}.Release|Any CPU.Build.0 = Release|Any CPU
		{D818A172-7FDC-4856-B968-D3E300458B66}.Debug|Any CPU.ActiveCfg = Debug|Any CPU
		{D818A172-7FDC-4856-B968-D3E300458B66}.Debug|Any CPU.Build.0 = Debug|Any CPU
		{D818A172-7FDC-4856-B968-D3E300458B66}.Release|Any CPU.ActiveCfg = Release|Any CPU
		{D818A172-7FDC-4856-B968-D3E300458B66}.Release|Any CPU.Build.0 = Release|Any CPU
		{BF902AD5-A037-4745-9510-29A723DDB858}.Debug|Any CPU.ActiveCfg = Debug|Any CPU
		{BF902AD5-A037-4745-9510-29A723DDB858}.Debug|Any CPU.Build.0 = Debug|Any CPU
		{BF902AD5-A037-4745-9510-29A723DDB858}.Release|Any CPU.ActiveCfg = Release|Any CPU
		{BF902AD5-A037-4745-9510-29A723DDB858}.Release|Any CPU.Build.0 = Release|Any CPU
		{E0FE90B3-86D7-4554-AEFC-2B9C4B6733A2}.Debug|Any CPU.ActiveCfg = Debug|Any CPU
		{E0FE90B3-86D7-4554-AEFC-2B9C4B6733A2}.Debug|Any CPU.Build.0 = Debug|Any CPU
		{E0FE90B3-86D7-4554-AEFC-2B9C4B6733A2}.Release|Any CPU.ActiveCfg = Release|Any CPU
		{E0FE90B3-86D7-4554-AEFC-2B9C4B6733A2}.Release|Any CPU.Build.0 = Release|Any CPU
		{B09A2D06-ACCF-4922-89E1-F327C7B42D21}.Debug|Any CPU.ActiveCfg = Debug|Any CPU
		{B09A2D06-ACCF-4922-89E1-F327C7B42D21}.Debug|Any CPU.Build.0 = Debug|Any CPU
		{B09A2D06-ACCF-4922-89E1-F327C7B42D21}.Release|Any CPU.ActiveCfg = Release|Any CPU
		{B09A2D06-ACCF-4922-89E1-F327C7B42D21}.Release|Any CPU.Build.0 = Release|Any CPU
		{C2513032-D15F-4C6D-8634-5CA9141FDF7E}.Debug|Any CPU.ActiveCfg = Debug|Any CPU
		{C2513032-D15F-4C6D-8634-5CA9141FDF7E}.Debug|Any CPU.Build.0 = Debug|Any CPU
		{C2513032-D15F-4C6D-8634-5CA9141FDF7E}.Release|Any CPU.ActiveCfg = Release|Any CPU
		{C2513032-D15F-4C6D-8634-5CA9141FDF7E}.Release|Any CPU.Build.0 = Release|Any CPU
		{0CA86758-A128-4B33-937E-EC4FF29FF41E}.Debug|Any CPU.ActiveCfg = Debug|Any CPU
		{0CA86758-A128-4B33-937E-EC4FF29FF41E}.Debug|Any CPU.Build.0 = Debug|Any CPU
		{0CA86758-A128-4B33-937E-EC4FF29FF41E}.Release|Any CPU.ActiveCfg = Release|Any CPU
		{0CA86758-A128-4B33-937E-EC4FF29FF41E}.Release|Any CPU.Build.0 = Release|Any CPU
		{E45510E6-79FC-447A-9405-C841E3CD8611}.Debug|Any CPU.ActiveCfg = Debug|Any CPU
		{E45510E6-79FC-447A-9405-C841E3CD8611}.Debug|Any CPU.Build.0 = Debug|Any CPU
		{E45510E6-79FC-447A-9405-C841E3CD8611}.Release|Any CPU.ActiveCfg = Release|Any CPU
		{E45510E6-79FC-447A-9405-C841E3CD8611}.Release|Any CPU.Build.0 = Release|Any CPU
		{A7736FD7-9108-4A39-A642-29B5A6BA3BA1}.Debug|Any CPU.ActiveCfg = Debug|Any CPU
		{A7736FD7-9108-4A39-A642-29B5A6BA3BA1}.Debug|Any CPU.Build.0 = Debug|Any CPU
		{A7736FD7-9108-4A39-A642-29B5A6BA3BA1}.Release|Any CPU.ActiveCfg = Release|Any CPU
		{A7736FD7-9108-4A39-A642-29B5A6BA3BA1}.Release|Any CPU.Build.0 = Release|Any CPU
		{306EE0EA-4585-42BB-B3C0-62A74A032109}.Debug|Any CPU.ActiveCfg = Debug|Any CPU
		{306EE0EA-4585-42BB-B3C0-62A74A032109}.Debug|Any CPU.Build.0 = Debug|Any CPU
		{306EE0EA-4585-42BB-B3C0-62A74A032109}.Release|Any CPU.ActiveCfg = Release|Any CPU
		{306EE0EA-4585-42BB-B3C0-62A74A032109}.Release|Any CPU.Build.0 = Release|Any CPU
		{1F2CFB39-A677-49AE-BD22-DA1A439CB80F}.Debug|Any CPU.ActiveCfg = Debug|Any CPU
		{1F2CFB39-A677-49AE-BD22-DA1A439CB80F}.Debug|Any CPU.Build.0 = Debug|Any CPU
		{1F2CFB39-A677-49AE-BD22-DA1A439CB80F}.Release|Any CPU.ActiveCfg = Release|Any CPU
		{1F2CFB39-A677-49AE-BD22-DA1A439CB80F}.Release|Any CPU.Build.0 = Release|Any CPU
		{0EC28060-62AA-4C78-819B-0021C3C70A31}.Debug|Any CPU.ActiveCfg = Debug|Any CPU
		{0EC28060-62AA-4C78-819B-0021C3C70A31}.Debug|Any CPU.Build.0 = Debug|Any CPU
		{0EC28060-62AA-4C78-819B-0021C3C70A31}.Release|Any CPU.ActiveCfg = Release|Any CPU
		{0EC28060-62AA-4C78-819B-0021C3C70A31}.Release|Any CPU.Build.0 = Release|Any CPU
		{77EF156F-DE0D-4801-A751-97591735D30B}.Debug|Any CPU.ActiveCfg = Debug|Any CPU
		{77EF156F-DE0D-4801-A751-97591735D30B}.Debug|Any CPU.Build.0 = Debug|Any CPU
		{77EF156F-DE0D-4801-A751-97591735D30B}.Release|Any CPU.ActiveCfg = Release|Any CPU
		{77EF156F-DE0D-4801-A751-97591735D30B}.Release|Any CPU.Build.0 = Release|Any CPU
		{8D7DC37A-CADC-4599-820B-769521F0CBE8}.Debug|Any CPU.ActiveCfg = Debug|Any CPU
		{8D7DC37A-CADC-4599-820B-769521F0CBE8}.Debug|Any CPU.Build.0 = Debug|Any CPU
		{8D7DC37A-CADC-4599-820B-769521F0CBE8}.Release|Any CPU.ActiveCfg = Release|Any CPU
		{8D7DC37A-CADC-4599-820B-769521F0CBE8}.Release|Any CPU.Build.0 = Release|Any CPU
	EndGlobalSection
	GlobalSection(SolutionProperties) = preSolution
		HideSolutionNode = FALSE
	EndGlobalSection
EndGlobal
