
Microsoft Visual Studio Solution File, Format Version 12.00
# Visual Studio 2013
VisualStudioVersion = 12.0.40629.0
MinimumVisualStudioVersion = 10.0.40219.1
Project("{FAE04EC0-301F-11D3-BF4B-00C04F79EFBC}") = "HelloName", "HelloName\HelloName.csproj", "{1340BD26-8197-411C-9125-17681D6D9B72}"
EndProject
Project("{FAE04EC0-301F-11D3-BF4B-00C04F79EFBC}") = "Prog52aConsole", "Prog52aConsole\Prog52aConsole.csproj", "{E9337974-3C99-427D-8B9D-3962B6A43F6E}"
EndProject
Project("{FAE04EC0-301F-11D3-BF4B-00C04F79EFBC}") = "Prog54bConsole", "Prog54bConsole\Prog54bConsole.csproj", "{C5E7A4D4-323A-4F4B-B7F7-E49102D2A020}"
EndProject
Project("{FAE04EC0-301F-11D3-BF4B-00C04F79EFBC}") = "Prog54cConsole", "Prog54cConsole\Prog54cConsole.csproj", "{29689230-5517-49F2-A98F-CCECAC03E7E2}"
EndProject
Project("{FAE04EC0-301F-11D3-BF4B-00C04F79EFBC}") = "HelloWorldCSConsole", "HelloWorldCSConsole\HelloWorldCSConsole.csproj", "{51FE0C15-94D8-4FC0-B0DA-DBFBFB42C6E2}"
EndProject
Project("{FAE04EC0-301F-11D3-BF4B-00C04F79EFBC}") = "FavClubConsole", "FavClubConsole\FavClubConsole.csproj", "{43B95281-B603-431A-A827-330AE23AEB5F}"
EndProject
Project("{FAE04EC0-301F-11D3-BF4B-00C04F79EFBC}") = "YourNameConsole", "YourNameConsole\YourNameConsole.csproj", "{FFF6A00C-4406-49E8-B401-350519B42631}"
EndProject
Project("{FAE04EC0-301F-11D3-BF4B-00C04F79EFBC}") = "Prog54a", "Prog54a\Prog54a.csproj", "{51C815BA-F863-4A13-9626-26E082489B5F}"
EndProject
Project("{FAE04EC0-301F-11D3-BF4B-00C04F79EFBC}") = "Prog88a", "Prog88a\Prog88a.csproj", "{E999E4AA-7228-430B-973F-776ED32A8282}"
EndProject
Project("{FAE04EC0-301F-11D3-BF4B-00C04F79EFBC}") = "AboutMeForm", "AboutMeForm\AboutMeForm.csproj", "{AC0200B5-0ACE-40BC-9939-D03682A718A1}"
EndProject
Project("{FAE04EC0-301F-11D3-BF4B-00C04F79EFBC}") = "Lang54bForm", "Lang54bForm\Lang54bForm.csproj", "{ED4DA0E4-D297-4FAB-9C79-ABA38003E86B}"
EndProject
Global
	GlobalSection(SolutionConfigurationPlatforms) = preSolution
		Debug|Any CPU = Debug|Any CPU
		Release|Any CPU = Release|Any CPU
	EndGlobalSection
	GlobalSection(ProjectConfigurationPlatforms) = postSolution
		{1340BD26-8197-411C-9125-17681D6D9B72}.Debug|Any CPU.ActiveCfg = Debug|Any CPU
		{1340BD26-8197-411C-9125-17681D6D9B72}.Debug|Any CPU.Build.0 = Debug|Any CPU
		{1340BD26-8197-411C-9125-17681D6D9B72}.Release|Any CPU.ActiveCfg = Release|Any CPU
		{1340BD26-8197-411C-9125-17681D6D9B72}.Release|Any CPU.Build.0 = Release|Any CPU
		{E9337974-3C99-427D-8B9D-3962B6A43F6E}.Debug|Any CPU.ActiveCfg = Debug|Any CPU
		{E9337974-3C99-427D-8B9D-3962B6A43F6E}.Debug|Any CPU.Build.0 = Debug|Any CPU
		{E9337974-3C99-427D-8B9D-3962B6A43F6E}.Release|Any CPU.ActiveCfg = Release|Any CPU
		{E9337974-3C99-427D-8B9D-3962B6A43F6E}.Release|Any CPU.Build.0 = Release|Any CPU
		{C5E7A4D4-323A-4F4B-B7F7-E49102D2A020}.Debug|Any CPU.ActiveCfg = Debug|Any CPU
		{C5E7A4D4-323A-4F4B-B7F7-E49102D2A020}.Debug|Any CPU.Build.0 = Debug|Any CPU
		{C5E7A4D4-323A-4F4B-B7F7-E49102D2A020}.Release|Any CPU.ActiveCfg = Release|Any CPU
		{C5E7A4D4-323A-4F4B-B7F7-E49102D2A020}.Release|Any CPU.Build.0 = Release|Any CPU
		{29689230-5517-49F2-A98F-CCECAC03E7E2}.Debug|Any CPU.ActiveCfg = Debug|Any CPU
		{29689230-5517-49F2-A98F-CCECAC03E7E2}.Debug|Any CPU.Build.0 = Debug|Any CPU
		{29689230-5517-49F2-A98F-CCECAC03E7E2}.Release|Any CPU.ActiveCfg = Release|Any CPU
		{29689230-5517-49F2-A98F-CCECAC03E7E2}.Release|Any CPU.Build.0 = Release|Any CPU
		{51FE0C15-94D8-4FC0-B0DA-DBFBFB42C6E2}.Debug|Any CPU.ActiveCfg = Debug|Any CPU
		{51FE0C15-94D8-4FC0-B0DA-DBFBFB42C6E2}.Debug|Any CPU.Build.0 = Debug|Any CPU
		{51FE0C15-94D8-4FC0-B0DA-DBFBFB42C6E2}.Release|Any CPU.ActiveCfg = Release|Any CPU
		{51FE0C15-94D8-4FC0-B0DA-DBFBFB42C6E2}.Release|Any CPU.Build.0 = Release|Any CPU
		{43B95281-B603-431A-A827-330AE23AEB5F}.Debug|Any CPU.ActiveCfg = Debug|Any CPU
		{43B95281-B603-431A-A827-330AE23AEB5F}.Debug|Any CPU.Build.0 = Debug|Any CPU
		{43B95281-B603-431A-A827-330AE23AEB5F}.Release|Any CPU.ActiveCfg = Release|Any CPU
		{43B95281-B603-431A-A827-330AE23AEB5F}.Release|Any CPU.Build.0 = Release|Any CPU
		{FFF6A00C-4406-49E8-B401-350519B42631}.Debug|Any CPU.ActiveCfg = Debug|Any CPU
		{FFF6A00C-4406-49E8-B401-350519B42631}.Debug|Any CPU.Build.0 = Debug|Any CPU
		{FFF6A00C-4406-49E8-B401-350519B42631}.Release|Any CPU.ActiveCfg = Release|Any CPU
		{FFF6A00C-4406-49E8-B401-350519B42631}.Release|Any CPU.Build.0 = Release|Any CPU
		{51C815BA-F863-4A13-9626-26E082489B5F}.Debug|Any CPU.ActiveCfg = Debug|Any CPU
		{51C815BA-F863-4A13-9626-26E082489B5F}.Debug|Any CPU.Build.0 = Debug|Any CPU
		{51C815BA-F863-4A13-9626-26E082489B5F}.Release|Any CPU.ActiveCfg = Release|Any CPU
		{51C815BA-F863-4A13-9626-26E082489B5F}.Release|Any CPU.Build.0 = Release|Any CPU
		{E999E4AA-7228-430B-973F-776ED32A8282}.Debug|Any CPU.ActiveCfg = Debug|Any CPU
		{E999E4AA-7228-430B-973F-776ED32A8282}.Debug|Any CPU.Build.0 = Debug|Any CPU
		{E999E4AA-7228-430B-973F-776ED32A8282}.Release|Any CPU.ActiveCfg = Release|Any CPU
		{E999E4AA-7228-430B-973F-776ED32A8282}.Release|Any CPU.Build.0 = Release|Any CPU
		{AC0200B5-0ACE-40BC-9939-D03682A718A1}.Debug|Any CPU.ActiveCfg = Debug|Any CPU
		{AC0200B5-0ACE-40BC-9939-D03682A718A1}.Debug|Any CPU.Build.0 = Debug|Any CPU
		{AC0200B5-0ACE-40BC-9939-D03682A718A1}.Release|Any CPU.ActiveCfg = Release|Any CPU
		{AC0200B5-0ACE-40BC-9939-D03682A718A1}.Release|Any CPU.Build.0 = Release|Any CPU
		{ED4DA0E4-D297-4FAB-9C79-ABA38003E86B}.Debug|Any CPU.ActiveCfg = Debug|Any CPU
		{ED4DA0E4-D297-4FAB-9C79-ABA38003E86B}.Debug|Any CPU.Build.0 = Debug|Any CPU
		{ED4DA0E4-D297-4FAB-9C79-ABA38003E86B}.Release|Any CPU.ActiveCfg = Release|Any CPU
		{ED4DA0E4-D297-4FAB-9C79-ABA38003E86B}.Release|Any CPU.Build.0 = Release|Any CPU
	EndGlobalSection
	GlobalSection(SolutionProperties) = preSolution
		HideSolutionNode = FALSE
	EndGlobalSection
EndGlobal
