
Microsoft Visual Studio Solution File, Format Version 11.00
# Visual Studio 2010
# SharpDevelop 4.2.1.8805
Project("{FD48973F-F585-4F70-812B-4D0503B36CE9}") = "AboutMe", "AboutMe.pyproj", "{5B6A6E8B-DA93-45A0-8006-F3D69DB559F6}"
EndProject
Global
	GlobalSection(SolutionConfigurationPlatforms) = preSolution
		Debug|x86 = Debug|x86
		Release|x86 = Release|x86
	EndGlobalSection
	GlobalSection(ProjectConfigurationPlatforms) = postSolution
		{5B6A6E8B-DA93-45A0-8006-F3D69DB559F6}.Debug|x86.Build.0 = Debug|x86
		{5B6A6E8B-DA93-45A0-8006-F3D69DB559F6}.Debug|x86.ActiveCfg = Debug|x86
		{5B6A6E8B-DA93-45A0-8006-F3D69DB559F6}.Release|x86.Build.0 = Release|x86
		{5B6A6E8B-DA93-45A0-8006-F3D69DB559F6}.Release|x86.ActiveCfg = Release|x86
	EndGlobalSection
EndGlobal
